
Microsoft Visual Studio Solution File, Format Version 12.00
# Visual Studio Version 17
VisualStudioVersion = 17.3.32901.215
MinimumVisualStudioVersion = 10.0.40219.1
Project("{FAE04EC0-301F-11D3-BF4B-00C04F79EFBC}") = "LuuNiem", "LuuNiem\LuuNiem.csproj", "{FA0F8462-0CDE-4F24-B3CC-C1BE53EC686B}"
EndProject
Global
	GlobalSection(SolutionConfigurationPlatforms) = preSolution
		Debug|Any CPU = Debug|Any CPU
		Release|Any CPU = Release|Any CPU
	EndGlobalSection
	GlobalSection(ProjectConfigurationPlatforms) = postSolution
		{FA0F8462-0CDE-4F24-B3CC-C1BE53EC686B}.Debug|Any CPU.ActiveCfg = Debug|Any CPU
		{FA0F8462-0CDE-4F24-B3CC-C1BE53EC686B}.Debug|Any CPU.Build.0 = Debug|Any CPU
		{FA0F8462-0CDE-4F24-B3CC-C1BE53EC686B}.Release|Any CPU.ActiveCfg = Release|Any CPU
		{FA0F8462-0CDE-4F24-B3CC-C1BE53EC686B}.Release|Any CPU.Build.0 = Release|Any CPU
	EndGlobalSection
	GlobalSection(SolutionProperties) = preSolution
		HideSolutionNode = FALSE
	EndGlobalSection
	GlobalSection(ExtensibilityGlobals) = postSolution
		SolutionGuid = {16F8D4F5-A11E-4671-BD25-E8D82C890FBF}
	EndGlobalSection
EndGlobal
